
Microsoft Visual Studio Solution File, Format Version 12.00
# Visual Studio Version 17
VisualStudioVersion = 17.5.33530.505
MinimumVisualStudioVersion = 10.0.40219.1
Project("{9A19103F-16F7-4668-BE54-9A1E7A4F7556}") = "PM.UI", "PM.UI\PM.UI.csproj", "{948E336F-6D4C-489F-8106-693219B3A083}"
EndProject
Project("{9A19103F-16F7-4668-BE54-9A1E7A4F7556}") = "Business", "Business\Business.csproj", "{A96385BC-9100-4614-A953-A89499DEBD2F}"
EndProject
Project("{9A19103F-16F7-4668-BE54-9A1E7A4F7556}") = "Core", "Core\Core.csproj", "{5844AEAF-30C8-4D91-8465-F67A80FB8F6D}"
EndProject
Project("{9A19103F-16F7-4668-BE54-9A1E7A4F7556}") = "DataAccess", "DataAccess\DataAccess.csproj", "{15E1F0CA-44CE-478A-901C-64BC3FCE983E}"
EndProject
Project("{9A19103F-16F7-4668-BE54-9A1E7A4F7556}") = "Dto", "Dto\Dto.csproj", "{D732B950-3D87-4810-A526-4E3E2A8A2BF0}"
EndProject
Project("{9A19103F-16F7-4668-BE54-9A1E7A4F7556}") = "Entities", "Entities\Entities.csproj", "{4F1870C1-3640-4892-9C76-C2AA6B7E8707}"
EndProject
Project("{9A19103F-16F7-4668-BE54-9A1E7A4F7556}") = "Filters", "Filters\Filters.csproj", "{6F7BC389-1973-4C4E-9472-4751FD63CD19}"
EndProject
Project("{9A19103F-16F7-4668-BE54-9A1E7A4F7556}") = "Helpers", "Helpers\Helpers.csproj", "{39F5C645-2E7C-4D9E-8DD4-2EE1EDF9557D}"
EndProject
Project("{9A19103F-16F7-4668-BE54-9A1E7A4F7556}") = "Notification", "Notification\Notification.csproj", "{29ED1196-EC35-462C-9ECB-BDA9A23869B2}"
EndProject
Project("{9A19103F-16F7-4668-BE54-9A1E7A4F7556}") = "Results", "Results\Results.csproj", "{74576479-6B17-4970-8118-489470660539}"
EndProject
Project("{9A19103F-16F7-4668-BE54-9A1E7A4F7556}") = "Tests", "Tests\Tests.csproj", "{F4865E31-E626-4DBE-9879-3C85FCA72405}"
EndProject
Project("{9A19103F-16F7-4668-BE54-9A1E7A4F7556}") = "Utilities", "Utilities\Utilities.csproj", "{98F6DADA-8B45-4D72-B843-331AC68EF6DE}"
EndProject
Project("{FAE04EC0-301F-11D3-BF4B-00C04F79EFBC}") = "DependencyResolvers", "DependencyResolvers\DependencyResolvers.csproj", "{DFF273EA-B4DD-4884-94EF-26533C5B67FE}"
EndProject
Global
	GlobalSection(SolutionConfigurationPlatforms) = preSolution
		Debug|Any CPU = Debug|Any CPU
		Release|Any CPU = Release|Any CPU
	EndGlobalSection
	GlobalSection(ProjectConfigurationPlatforms) = postSolution
		{948E336F-6D4C-489F-8106-693219B3A083}.Debug|Any CPU.ActiveCfg = Debug|Any CPU
		{948E336F-6D4C-489F-8106-693219B3A083}.Debug|Any CPU.Build.0 = Debug|Any CPU
		{948E336F-6D4C-489F-8106-693219B3A083}.Release|Any CPU.ActiveCfg = Release|Any CPU
		{948E336F-6D4C-489F-8106-693219B3A083}.Release|Any CPU.Build.0 = Release|Any CPU
		{A96385BC-9100-4614-A953-A89499DEBD2F}.Debug|Any CPU.ActiveCfg = Debug|Any CPU
		{A96385BC-9100-4614-A953-A89499DEBD2F}.Debug|Any CPU.Build.0 = Debug|Any CPU
		{A96385BC-9100-4614-A953-A89499DEBD2F}.Release|Any CPU.ActiveCfg = Release|Any CPU
		{A96385BC-9100-4614-A953-A89499DEBD2F}.Release|Any CPU.Build.0 = Release|Any CPU
		{5844AEAF-30C8-4D91-8465-F67A80FB8F6D}.Debug|Any CPU.ActiveCfg = Debug|Any CPU
		{5844AEAF-30C8-4D91-8465-F67A80FB8F6D}.Debug|Any CPU.Build.0 = Debug|Any CPU
		{5844AEAF-30C8-4D91-8465-F67A80FB8F6D}.Release|Any CPU.ActiveCfg = Release|Any CPU
		{5844AEAF-30C8-4D91-8465-F67A80FB8F6D}.Release|Any CPU.Build.0 = Release|Any CPU
		{15E1F0CA-44CE-478A-901C-64BC3FCE983E}.Debug|Any CPU.ActiveCfg = Debug|Any CPU
		{15E1F0CA-44CE-478A-901C-64BC3FCE983E}.Debug|Any CPU.Build.0 = Debug|Any CPU
		{15E1F0CA-44CE-478A-901C-64BC3FCE983E}.Release|Any CPU.ActiveCfg = Release|Any CPU
		{15E1F0CA-44CE-478A-901C-64BC3FCE983E}.Release|Any CPU.Build.0 = Release|Any CPU
		{D732B950-3D87-4810-A526-4E3E2A8A2BF0}.Debug|Any CPU.ActiveCfg = Debug|Any CPU
		{D732B950-3D87-4810-A526-4E3E2A8A2BF0}.Debug|Any CPU.Build.0 = Debug|Any CPU
		{D732B950-3D87-4810-A526-4E3E2A8A2BF0}.Release|Any CPU.ActiveCfg = Release|Any CPU
		{D732B950-3D87-4810-A526-4E3E2A8A2BF0}.Release|Any CPU.Build.0 = Release|Any CPU
		{4F1870C1-3640-4892-9C76-C2AA6B7E8707}.Debug|Any CPU.ActiveCfg = Debug|Any CPU
		{4F1870C1-3640-4892-9C76-C2AA6B7E8707}.Debug|Any CPU.Build.0 = Debug|Any CPU
		{4F1870C1-3640-4892-9C76-C2AA6B7E8707}.Release|Any CPU.ActiveCfg = Release|Any CPU
		{4F1870C1-3640-4892-9C76-C2AA6B7E8707}.Release|Any CPU.Build.0 = Release|Any CPU
		{6F7BC389-1973-4C4E-9472-4751FD63CD19}.Debug|Any CPU.ActiveCfg = Debug|Any CPU
		{6F7BC389-1973-4C4E-9472-4751FD63CD19}.Debug|Any CPU.Build.0 = Debug|Any CPU
		{6F7BC389-1973-4C4E-9472-4751FD63CD19}.Release|Any CPU.ActiveCfg = Release|Any CPU
		{6F7BC389-1973-4C4E-9472-4751FD63CD19}.Release|Any CPU.Build.0 = Release|Any CPU
		{39F5C645-2E7C-4D9E-8DD4-2EE1EDF9557D}.Debug|Any CPU.ActiveCfg = Debug|Any CPU
		{39F5C645-2E7C-4D9E-8DD4-2EE1EDF9557D}.Debug|Any CPU.Build.0 = Debug|Any CPU
		{39F5C645-2E7C-4D9E-8DD4-2EE1EDF9557D}.Release|Any CPU.ActiveCfg = Release|Any CPU
		{39F5C645-2E7C-4D9E-8DD4-2EE1EDF9557D}.Release|Any CPU.Build.0 = Release|Any CPU
		{29ED1196-EC35-462C-9ECB-BDA9A23869B2}.Debug|Any CPU.ActiveCfg = Debug|Any CPU
		{29ED1196-EC35-462C-9ECB-BDA9A23869B2}.Debug|Any CPU.Build.0 = Debug|Any CPU
		{29ED1196-EC35-462C-9ECB-BDA9A23869B2}.Release|Any CPU.ActiveCfg = Release|Any CPU
		{29ED1196-EC35-462C-9ECB-BDA9A23869B2}.Release|Any CPU.Build.0 = Release|Any CPU
		{74576479-6B17-4970-8118-489470660539}.Debug|Any CPU.ActiveCfg = Debug|Any CPU
		{74576479-6B17-4970-8118-489470660539}.Debug|Any CPU.Build.0 = Debug|Any CPU
		{74576479-6B17-4970-8118-489470660539}.Release|Any CPU.ActiveCfg = Release|Any CPU
		{74576479-6B17-4970-8118-489470660539}.Release|Any CPU.Build.0 = Release|Any CPU
		{F4865E31-E626-4DBE-9879-3C85FCA72405}.Debug|Any CPU.ActiveCfg = Debug|Any CPU
		{F4865E31-E626-4DBE-9879-3C85FCA72405}.Debug|Any CPU.Build.0 = Debug|Any CPU
		{F4865E31-E626-4DBE-9879-3C85FCA72405}.Release|Any CPU.ActiveCfg = Release|Any CPU
		{F4865E31-E626-4DBE-9879-3C85FCA72405}.Release|Any CPU.Build.0 = Release|Any CPU
		{98F6DADA-8B45-4D72-B843-331AC68EF6DE}.Debug|Any CPU.ActiveCfg = Debug|Any CPU
		{98F6DADA-8B45-4D72-B843-331AC68EF6DE}.Debug|Any CPU.Build.0 = Debug|Any CPU
		{98F6DADA-8B45-4D72-B843-331AC68EF6DE}.Release|Any CPU.ActiveCfg = Release|Any CPU
		{98F6DADA-8B45-4D72-B843-331AC68EF6DE}.Release|Any CPU.Build.0 = Release|Any CPU
		{DFF273EA-B4DD-4884-94EF-26533C5B67FE}.Debug|Any CPU.ActiveCfg = Debug|Any CPU
		{DFF273EA-B4DD-4884-94EF-26533C5B67FE}.Debug|Any CPU.Build.0 = Debug|Any CPU
		{DFF273EA-B4DD-4884-94EF-26533C5B67FE}.Release|Any CPU.ActiveCfg = Release|Any CPU
		{DFF273EA-B4DD-4884-94EF-26533C5B67FE}.Release|Any CPU.Build.0 = Release|Any CPU
	EndGlobalSection
	GlobalSection(SolutionProperties) = preSolution
		HideSolutionNode = FALSE
	EndGlobalSection
	GlobalSection(ExtensibilityGlobals) = postSolution
		SolutionGuid = {705AE5F5-757D-441A-931C-2CFCF04E73B7}
	EndGlobalSection
EndGlobal
